
Microsoft Visual Studio Solution File, Format Version 12.00
# Visual Studio Version 16
VisualStudioVersion = 16.0.32901.82
MinimumVisualStudioVersion = 10.0.40219.1
Project("{FAE04EC0-301F-11D3-BF4B-00C04F79EFBC}") = "MenuDeJogos", "MenuDeJogos\MenuDeJogos.csproj", "{AAFD130B-6AFC-4C1D-ADD6-9E56C1B0046B}"
EndProject
Global
	GlobalSection(SolutionConfigurationPlatforms) = preSolution
		Debug|Any CPU = Debug|Any CPU
		Release|Any CPU = Release|Any CPU
	EndGlobalSection
	GlobalSection(ProjectConfigurationPlatforms) = postSolution
		{AAFD130B-6AFC-4C1D-ADD6-9E56C1B0046B}.Debug|Any CPU.ActiveCfg = Debug|Any CPU
		{AAFD130B-6AFC-4C1D-ADD6-9E56C1B0046B}.Debug|Any CPU.Build.0 = Debug|Any CPU
		{AAFD130B-6AFC-4C1D-ADD6-9E56C1B0046B}.Release|Any CPU.ActiveCfg = Release|Any CPU
		{AAFD130B-6AFC-4C1D-ADD6-9E56C1B0046B}.Release|Any CPU.Build.0 = Release|Any CPU
	EndGlobalSection
	GlobalSection(SolutionProperties) = preSolution
		HideSolutionNode = FALSE
	EndGlobalSection
	GlobalSection(ExtensibilityGlobals) = postSolution
		SolutionGuid = {9370BE13-8658-47DC-8DD9-F1B3BC0B8D8E}
	EndGlobalSection
EndGlobal
